
Microsoft Visual Studio Solution File, Format Version 12.00
# Visual Studio Version 17
VisualStudioVersion = 17.4.33213.308
MinimumVisualStudioVersion = 10.0.40219.1
Project("{FAE04EC0-301F-11D3-BF4B-00C04F79EFBC}") = "PCConfiguratorApplication", "PCConfiguratorApplication\PCConfiguratorApplication.csproj", "{6FDC0B56-16B3-4638-ADB7-8B3F54760A90}"
EndProject
Global
	GlobalSection(SolutionConfigurationPlatforms) = preSolution
		Debug|Any CPU = Debug|Any CPU
		Release|Any CPU = Release|Any CPU
	EndGlobalSection
	GlobalSection(ProjectConfigurationPlatforms) = postSolution
		{6FDC0B56-16B3-4638-ADB7-8B3F54760A90}.Debug|Any CPU.ActiveCfg = Debug|Any CPU
		{6FDC0B56-16B3-4638-ADB7-8B3F54760A90}.Debug|Any CPU.Build.0 = Debug|Any CPU
		{6FDC0B56-16B3-4638-ADB7-8B3F54760A90}.Release|Any CPU.ActiveCfg = Release|Any CPU
		{6FDC0B56-16B3-4638-ADB7-8B3F54760A90}.Release|Any CPU.Build.0 = Release|Any CPU
	EndGlobalSection
	GlobalSection(SolutionProperties) = preSolution
		HideSolutionNode = FALSE
	EndGlobalSection
	GlobalSection(ExtensibilityGlobals) = postSolution
		SolutionGuid = {E50D3F4E-9EDF-4377-91BA-37F5B8431D70}
	EndGlobalSection
EndGlobal
